{
  "requires": true,
  "lockfileVersion": 1,
  "dependencies": {
    "3d-force-graph": {
      "version": "1.60.7",
      "resolved": "https://registry.npmjs.org/3d-force-graph/-/3d-force-graph-1.60.7.tgz",
      "integrity": "sha512-SYMebI/PQxdoXbkD0Iu1nAlgz9/JTLjFrymO4f2aGR5h36JVk3rdxREAgy6WDoVUY58t0/9phD65+FMxQT/hsw==",
      "requires": {
        "accessor-fn": "^1.2.3",
        "kapsule": "^1.12.2",
        "three": "^0.114.0",
        "three-dragcontrols": "^0.88.2",
        "three-forcegraph": "^1.31.3",
        "three-render-objects": "^1.12.6"
      }
    },
    "@babel/runtime": {
      "version": "7.8.7",
      "resolved": "https://registry.npmjs.org/@babel/runtime/-/runtime-7.8.7.tgz",
      "integrity": "sha512-+AATMUFppJDw6aiR5NVPHqIQBlV/Pj8wY/EZH+lmvRdUo9xBaz/rF3alAwFJQavvKfeOlPE7oaaDHVbcySbCsg==",
      "requires": {
        "regenerator-runtime": "^0.13.4"
      }
    },
    "@tweenjs/tween.js": {
      "version": "18.5.0",
      "resolved": "https://registry.npmjs.org/@tweenjs/tween.js/-/tween.js-18.5.0.tgz",
      "integrity": "sha512-/qyhdvbc6vWsFuiK7Wq74ZMu1F/9sFRlBv2qnjeu70XI0HRC8zOfUqbXT2irVLCSVuCI/fI7HphGdbsbyQ/Q5w=="
    },
    "accessor-fn": {
      "version": "1.3.0",
      "resolved": "https://registry.npmjs.org/accessor-fn/-/accessor-fn-1.3.0.tgz",
      "integrity": "sha512-NC5BYjrfBonksWxXrZ1WsPnh70sTQC2Uas9IL0RHQN5OETP4dO/bviPxZ7zTOahhRQ7o6avJg3ImJvRbuyHASg=="
    },
    "d3-array": {
      "version": "2.4.0",
      "resolved": "https://registry.npmjs.org/d3-array/-/d3-array-2.4.0.tgz",
      "integrity": "sha512-KQ41bAF2BMakf/HdKT865ALd4cgND6VcIztVQZUTt0+BH3RWy6ZYnHghVXf6NFjt2ritLr8H1T8LreAAlfiNcw=="
    },
    "d3-binarytree": {
      "version": "0.1.8",
      "resolved": "https://registry.npmjs.org/d3-binarytree/-/d3-binarytree-0.1.8.tgz",
      "integrity": "sha512-+N2TjL9CAGMkjwlnsx/wUiHJtAnik6S63AfvWS6RYkraD60ixgI4S7q3sMR5ugLMXWckWhZfvUpZQzwAzkm/lA=="
    },
    "d3-color": {
      "version": "1.4.0",
      "resolved": "https://registry.npmjs.org/d3-color/-/d3-color-1.4.0.tgz",
      "integrity": "sha512-TzNPeJy2+iEepfiL92LAAB7fvnp/dV2YwANPVHdDWmYMm23qIJBYww3qT8I8C1wXrmrg4UWs7BKc2tKIgyjzHg=="
    },
    "d3-dispatch": {
      "version": "1.0.6",
      "resolved": "https://registry.npmjs.org/d3-dispatch/-/d3-dispatch-1.0.6.tgz",
      "integrity": "sha512-fVjoElzjhCEy+Hbn8KygnmMS7Or0a9sI2UzGwoB7cCtvI1XpVN9GpoYlnb3xt2YV66oXYb1fLJ8GMvP4hdU1RA=="
    },
    "d3-force-3d": {
      "version": "2.1.0",
      "resolved": "https://registry.npmjs.org/d3-force-3d/-/d3-force-3d-2.1.0.tgz",
      "integrity": "sha512-nMD4RUa2so/sx5iaMqjouHVbcf1mfF0lIoYrx7+3l8u/YWEBVFJFjIdGoUovLuDch3o0xBjmidDlvq85rIr/3A==",
      "requires": {
        "d3-binarytree": "^0.1.8",
        "d3-dispatch": "^1.0.6",
        "d3-octree": "^0.1.8",
        "d3-quadtree": "^1.0.7",
        "d3-timer": "^1.0.10"
      }
    },
    "d3-format": {
      "version": "1.4.3",
      "resolved": "https://registry.npmjs.org/d3-format/-/d3-format-1.4.3.tgz",
      "integrity": "sha512-mm/nE2Y9HgGyjP+rKIekeITVgBtX97o1nrvHCWX8F/yBYyevUTvu9vb5pUnKwrcSw7o7GuwMOWjS9gFDs4O+uQ=="
    },
    "d3-interpolate": {
      "version": "1.4.0",
      "resolved": "https://registry.npmjs.org/d3-interpolate/-/d3-interpolate-1.4.0.tgz",
      "integrity": "sha512-V9znK0zc3jOPV4VD2zZn0sDhZU3WAE2bmlxdIwwQPPzPjvyLkd8B3JUVdS1IDUFDkWZ72c9qnv1GK2ZagTZ8EA==",
      "requires": {
        "d3-color": "1"
      }
    },
    "d3-octree": {
      "version": "0.1.8",
      "resolved": "https://registry.npmjs.org/d3-octree/-/d3-octree-0.1.8.tgz",
      "integrity": "sha512-DCN9v/itq78qhZVbhOE/y7tLUQUHMtdKUg5N9aUDusgN5ANbNvGJFD1C6yjY8KeEoB8ONHzwN8xEoHb9Ww9joQ=="
    },
    "d3-quadtree": {
      "version": "1.0.7",
      "resolved": "https://registry.npmjs.org/d3-quadtree/-/d3-quadtree-1.0.7.tgz",
      "integrity": "sha512-RKPAeXnkC59IDGD0Wu5mANy0Q2V28L+fNe65pOCXVdVuTJS3WPKaJlFHer32Rbh9gIo9qMuJXio8ra4+YmIymA=="
    },
    "d3-scale": {
      "version": "3.2.1",
      "resolved": "https://registry.npmjs.org/d3-scale/-/d3-scale-3.2.1.tgz",
      "integrity": "sha512-huz5byJO/6MPpz6Q8d4lg7GgSpTjIZW/l+1MQkzKfu2u8P6hjaXaStOpmyrD6ymKoW87d2QVFCKvSjLwjzx/rA==",
      "requires": {
        "d3-array": "1.2.0 - 2",
        "d3-format": "1",
        "d3-interpolate": "^1.2.0",
        "d3-time": "1",
        "d3-time-format": "2"
      }
    },
    "d3-scale-chromatic": {
      "version": "1.5.0",
      "resolved": "https://registry.npmjs.org/d3-scale-chromatic/-/d3-scale-chromatic-1.5.0.tgz",
      "integrity": "sha512-ACcL46DYImpRFMBcpk9HhtIyC7bTBR4fNOPxwVSl0LfulDAwyiHyPOTqcDG1+t5d4P9W7t/2NAuWu59aKko/cg==",
      "requires": {
        "d3-color": "1",
        "d3-interpolate": "1"
      }
    },
    "d3-time": {
      "version": "1.1.0",
      "resolved": "https://registry.npmjs.org/d3-time/-/d3-time-1.1.0.tgz",
      "integrity": "sha512-Xh0isrZ5rPYYdqhAVk8VLnMEidhz5aP7htAADH6MfzgmmicPkTo8LhkLxci61/lCB7n7UmE3bN0leRt+qvkLxA=="
    },
    "d3-time-format": {
      "version": "2.2.3",
      "resolved": "https://registry.npmjs.org/d3-time-format/-/d3-time-format-2.2.3.tgz",
      "integrity": "sha512-RAHNnD8+XvC4Zc4d2A56Uw0yJoM7bsvOlJR33bclxq399Rak/b9bhvu/InjxdWhPtkgU53JJcleJTGkNRnN6IA==",
      "requires": {
        "d3-time": "1"
      }
    },
    "d3-timer": {
      "version": "1.0.10",
      "resolved": "https://registry.npmjs.org/d3-timer/-/d3-timer-1.0.10.tgz",
      "integrity": "sha512-B1JDm0XDaQC+uvo4DT79H0XmBskgS3l6Ve+1SBCfxgmtIb1AVrPIoqd+nPSv+loMX8szQ0sVUhGngL7D5QPiXw=="
    },
    "data-joint": {
      "version": "1.2.3",
      "resolved": "https://registry.npmjs.org/data-joint/-/data-joint-1.2.3.tgz",
      "integrity": "sha512-un7896FtODs3x2v55w7aoXLcNYR47z6LcpAsUdWhbQ6tDVeZti0MZusMM+pzbXJ4Qn1A9WeGSGZgCf7GM65pQQ==",
      "requires": {
        "index-array-by": "^1.3.0"
      }
    },
    "debounce": {
      "version": "1.2.0",
      "resolved": "https://registry.npmjs.org/debounce/-/debounce-1.2.0.tgz",
      "integrity": "sha512-mYtLl1xfZLi1m4RtQYlZgJUNQjl4ZxVnHzIR8nLLgi4q1YT8o/WM+MK/f8yfcc9s5Ir5zRaPZyZU6xs1Syoocg=="
    },
    "index-array-by": {
      "version": "1.3.0",
      "resolved": "https://registry.npmjs.org/index-array-by/-/index-array-by-1.3.0.tgz",
      "integrity": "sha512-INSV8BJwW/IF9wj/hzq6tDQhc3AYBnQ/wY9mNIGiPEvxDI1sR0OaL1VQg74ZIZqg3fbmW5zQgf2Bxc51zDwRZg=="
    },
    "kapsule": {
      "version": "1.13.3",
      "resolved": "https://registry.npmjs.org/kapsule/-/kapsule-1.13.3.tgz",
      "integrity": "sha512-Qgzn1p0ywJsXJ3NBjIGst/EGvH2VF+YeVsVfWHZ1ZFX1v7AJfz215OWf3mRFy6NZBbN67yc1qUxAuJU+vuTtAA==",
      "requires": {
        "debounce": "^1.2.0"
      }
    },
    "ngraph.events": {
      "version": "1.2.1",
      "resolved": "https://registry.npmjs.org/ngraph.events/-/ngraph.events-1.2.1.tgz",
      "integrity": "sha512-D4C+nXH/RFxioGXQdHu8ELDtC6EaCiNsZtih0IvyGN81OZSUby4jXoJ5+RNWasfsd0FnKxxpAROyUMzw64QNsw=="
    },
    "ngraph.expose": {
      "version": "1.0.0",
      "resolved": "https://registry.npmjs.org/ngraph.expose/-/ngraph.expose-1.0.0.tgz",
      "integrity": "sha512-xQXBvaN8cuNucgHuOK1aOWb6q6Yn5QcTWzI1XR5+SBPYuJhIDeO3Z8pm7/WdM1dS+ys4mofA5D0MpTDIxP+d5A=="
    },
    "ngraph.forcelayout": {
      "version": "1.0.0",
      "resolved": "https://registry.npmjs.org/ngraph.forcelayout/-/ngraph.forcelayout-1.0.0.tgz",
      "integrity": "sha512-ozILhbe/hZSWIWEdtUb5fOJg0MlRSaBfbea9stjgQ13JVjl9PfO0Px7qj6JdJTGT6p/Q1o9fGLz81iYKH/yjuw==",
      "requires": {
        "ngraph.events": "^1.0.0",
        "ngraph.physics.simulator": "^1.0.0"
      }
    },
    "ngraph.forcelayout3d": {
      "version": "1.0.0",
      "resolved": "https://registry.npmjs.org/ngraph.forcelayout3d/-/ngraph.forcelayout3d-1.0.0.tgz",
      "integrity": "sha512-xD8qDH201Q0uaMq4avCMOa4XN8OMyFGn/a7DIRei3PQiajYA/1twefPtPeeag+xqPWeceuqXeFKc/L/N243KVQ==",
      "requires": {
        "ngraph.expose": "^1.0.0",
        "ngraph.forcelayout": "^1.0.0",
        "ngraph.merge": "^1.0.0",
        "ngraph.physics.primitives": "^1.0.0",
        "ngraph.quadtreebh3d": "^1.0.0",
        "ngraph.random": "^1.0.0"
      }
    },
    "ngraph.graph": {
      "version": "19.0.3",
      "resolved": "https://registry.npmjs.org/ngraph.graph/-/ngraph.graph-19.0.3.tgz",
      "integrity": "sha512-RCwmtHYxoWvTIREu8f37QLtbzj55r+KM9m1/Ssk+0rO4MDX6/rjBNxGZBcf/lu+HbfVz1WDc0/KQFfiZhdDnVg==",
      "requires": {
        "ngraph.events": "^1.2.0"
      }
    },
    "ngraph.merge": {
      "version": "1.0.0",
      "resolved": "https://registry.npmjs.org/ngraph.merge/-/ngraph.merge-1.0.0.tgz",
      "integrity": "sha512-5J8YjGITUJeapsomtTALYsw7rFveYkM+lBj3QiYZ79EymQcuri65Nw3knQtFxQBU1r5iOaVRXrSwMENUPK62Vg=="
    },
    "ngraph.physics.primitives": {
      "version": "1.0.0",
      "resolved": "https://registry.npmjs.org/ngraph.physics.primitives/-/ngraph.physics.primitives-1.0.0.tgz",
      "integrity": "sha512-zdxzy76L6PxlWLjeXsvNGgzGaQt8mo7IPSzZseQBIXC2AV7UAdcfSnnE1e+ECihjlqkUdsvgKk+ne3GxU2diHg=="
    },
    "ngraph.physics.simulator": {
      "version": "1.0.0",
      "resolved": "https://registry.npmjs.org/ngraph.physics.simulator/-/ngraph.physics.simulator-1.0.0.tgz",
      "integrity": "sha512-9fpWWIWMKNW9iG/qaLZx5kwEeCER9OPgR2n/M6/VwnrLhTytBNaZ7pmX7/X7+1V/tbFJfZXVoE+7EAH+inCaIg==",
      "requires": {
        "ngraph.events": "^1.0.0",
        "ngraph.expose": "^1.0.0",
        "ngraph.merge": "^1.0.0",
        "ngraph.physics.primitives": "^1.0.0",
        "ngraph.quadtreebh": "^1.0.0",
        "ngraph.random": "^1.0.0"
      }
    },
    "ngraph.quadtreebh": {
      "version": "1.0.0",
      "resolved": "https://registry.npmjs.org/ngraph.quadtreebh/-/ngraph.quadtreebh-1.0.0.tgz",
      "integrity": "sha512-cXc1JOIBu0flCPiIRintjs0G6LDhNmuVjDffq8PQQMP/i1324oQXdhbvlxjBepXjgfB/VIdVvwgfHjSs31A3Ig==",
      "requires": {
        "ngraph.random": "^1.0.0"
      }
    },
    "ngraph.quadtreebh3d": {
      "version": "1.0.0",
      "resolved": "https://registry.npmjs.org/ngraph.quadtreebh3d/-/ngraph.quadtreebh3d-1.0.0.tgz",
      "integrity": "sha512-wwhtehVz4tV87DeKH73TIw94LgKXCdprG2BXGN6GvHoS26T6ATJLhUPjEO7wnnrlb5N9d9X8xrYcyCYrcykQDA==",
      "requires": {
        "ngraph.random": "^1.0.0"
      }
    },
    "ngraph.random": {
      "version": "1.0.0",
      "resolved": "https://registry.npmjs.org/ngraph.random/-/ngraph.random-1.0.0.tgz",
      "integrity": "sha512-deLYx/kdrchInjD+S7IMCtLAyixWRXC3En9TI0KL2JbWIb8Z9SFv8UfSOLQppMBswy08aiYkoaucfLA7d8Ffcg=="
    },
    "polished": {
      "version": "3.4.4",
      "resolved": "https://registry.npmjs.org/polished/-/polished-3.4.4.tgz",
      "integrity": "sha512-x9PKeExyI9AhWrJP3Q57I1k7GInujjiVBJMPFmycj9hX1yCOo/X9eu9eZwxgOziiXge3WbFQ5XOmkzunOntBSA==",
      "requires": {
        "@babel/runtime": "^7.6.3"
      }
    },
    "regenerator-runtime": {
      "version": "0.13.5",
      "resolved": "https://registry.npmjs.org/regenerator-runtime/-/regenerator-runtime-0.13.5.tgz",
      "integrity": "sha512-ZS5w8CpKFinUzOwW3c83oPeVXoNsrLsaCoLtJvAClH135j/R77RuymhiSErhm2lKcwSCIpmvIWSbDkIfAqKQlA=="
    },
    "three": {
      "version": "0.114.0",
      "resolved": "https://registry.npmjs.org/three/-/three-0.114.0.tgz",
      "integrity": "sha512-3av45FxJeqYm7Rl02dfGBoqTaf2a934oUB4zMNrN8xjmASoSGeeykYoAr35+UntTdJDY/STw6CY3KuXFBWETig=="
    },
    "three-dragcontrols": {
      "version": "0.88.2",
      "resolved": "https://registry.npmjs.org/three-dragcontrols/-/three-dragcontrols-0.88.2.tgz",
      "integrity": "sha512-Qqhbo7+K5TAeqlYlUiI0EBp14uI9nbgoLANas3p4v4kz3h5HmOlComV9UhLI2x3BtdCdcHSuiyDL7sTrtP772w=="
    },
    "three-fly-controls": {
      "version": "2.0.0",
      "resolved": "https://registry.npmjs.org/three-fly-controls/-/three-fly-controls-2.0.0.tgz",
      "integrity": "sha512-0Ef+gtqprBBo8/7CRB0r4rLM02Y7GjUBeQ36D1G63nRQGXgBrh1H/yMUWRDz5586Z0bdzg+STUhiv8kSmPD58w=="
    },
    "three-forcegraph": {
      "version": "1.31.3",
      "resolved": "https://registry.npmjs.org/three-forcegraph/-/three-forcegraph-1.31.3.tgz",
      "integrity": "sha512-9WoA13if6iAIGplxeoQtPggiJSv47hijEVBgHNilLxUseN4m2Kg897sr139ZR6b0SrnpZ+cO3lJGvmVPOqyJzw==",
      "requires": {
        "accessor-fn": "^1.2.3",
        "d3-force-3d": "^2.1.0",
        "d3-scale": "^3.2.1",
        "d3-scale-chromatic": "^1.5.0",
        "data-joint": "^1.2.2",
        "kapsule": "^1.12.2",
        "ngraph.forcelayout": "^1.0.0",
        "ngraph.forcelayout3d": "^1.0.0",
        "ngraph.graph": "^19.0.3",
        "tinycolor2": "^1.4.1"
      }
    },
    "three-orbit-controls": {
      "version": "82.1.0",
      "resolved": "https://registry.npmjs.org/three-orbit-controls/-/three-orbit-controls-82.1.0.tgz",
      "integrity": "sha1-EafzPQog7OyY8Jizd4D2U3N0+rQ="
    },
    "three-render-objects": {
      "version": "1.13.0",
      "resolved": "https://registry.npmjs.org/three-render-objects/-/three-render-objects-1.13.0.tgz",
      "integrity": "sha512-pDAfQCvg8QI1/7Fwqzb1sCnLv8cfn11HFyg1Ea4URBFcC2aQYotwN6AAfsGYwxQ6Zo7mPbOXxDGXxgzrGqrn5A==",
      "requires": {
        "@tweenjs/tween.js": "^18.5.0",
        "accessor-fn": "^1.3.0",
        "kapsule": "^1.13.3",
        "polished": "^3.4.4",
        "three-fly-controls": "^2.0.0",
        "three-orbit-controls": "^82.1.0",
        "three-trackballcontrols": "^0.0.8"
      }
    },
    "three-trackballcontrols": {
      "version": "0.0.8",
      "resolved": "https://registry.npmjs.org/three-trackballcontrols/-/three-trackballcontrols-0.0.8.tgz",
      "integrity": "sha512-9my4rB/ILaJw8E6khOcC6d8F8kEe6BvRtCer9bFJGZOh9txy4BqzwPrG7d8YCKK9MfcyTUoLsB5LKIsbtsZRTg=="
    },
    "tinycolor2": {
      "version": "1.4.1",
      "resolved": "https://registry.npmjs.org/tinycolor2/-/tinycolor2-1.4.1.tgz",
      "integrity": "sha1-9PrTM0R7wLB9TcjpIJ2POaisd+g="
    }
  }
}
